{
  "requires": true,
  "lockfileVersion": 1,
  "dependencies": {
    "@turf/bbox": {
      "version": "6.5.0",
      "resolved": "https://registry.npmjs.org/@turf/bbox/-/bbox-6.5.0.tgz",
      "integrity": "sha512-RBbLaao5hXTYyyg577iuMtDB8ehxMlUqHEJiMs8jT1GHkFhr6sYre3lmLsPeYEi/ZKj5TP5tt7fkzNdJ4GIVyw==",
      "requires": {
        "@turf/helpers": "^6.5.0",
        "@turf/meta": "^6.5.0"
      }
    },
    "@turf/boolean-disjoint": {
      "version": "6.5.0",
      "resolved": "https://registry.npmjs.org/@turf/boolean-disjoint/-/boolean-disjoint-6.5.0.tgz",
      "integrity": "sha512-rZ2ozlrRLIAGo2bjQ/ZUu4oZ/+ZjGvLkN5CKXSKBcu6xFO6k2bgqeM8a1836tAW+Pqp/ZFsTA5fZHsJZvP2D5g==",
      "requires": {
        "@turf/boolean-point-in-polygon": "^6.5.0",
        "@turf/helpers": "^6.5.0",
        "@turf/line-intersect": "^6.5.0",
        "@turf/meta": "^6.5.0",
        "@turf/polygon-to-line": "^6.5.0"
      }
    },
    "@turf/boolean-intersects": {
      "version": "6.5.0",
      "resolved": "https://registry.npmjs.org/@turf/boolean-intersects/-/boolean-intersects-6.5.0.tgz",
      "integrity": "sha512-nIxkizjRdjKCYFQMnml6cjPsDOBCThrt+nkqtSEcxkKMhAQj5OO7o2CecioNTaX8EayqwMGVKcsz27oP4mKPTw==",
      "requires": {
        "@turf/boolean-disjoint": "^6.5.0",
        "@turf/helpers": "^6.5.0",
        "@turf/meta": "^6.5.0"
      }
    },
    "@turf/boolean-point-in-polygon": {
      "version": "6.5.0",
      "resolved": "https://registry.npmjs.org/@turf/boolean-point-in-polygon/-/boolean-point-in-polygon-6.5.0.tgz",
      "integrity": "sha512-DtSuVFB26SI+hj0SjrvXowGTUCHlgevPAIsukssW6BG5MlNSBQAo70wpICBNJL6RjukXg8d2eXaAWuD/CqL00A==",
      "requires": {
        "@turf/helpers": "^6.5.0",
        "@turf/invariant": "^6.5.0"
      }
    },
    "@turf/boolean-point-on-line": {
      "version": "6.5.0",
      "resolved": "https://registry.npmjs.org/@turf/boolean-point-on-line/-/boolean-point-on-line-6.5.0.tgz",
      "integrity": "sha512-A1BbuQ0LceLHvq7F/P7w3QvfpmZqbmViIUPHdNLvZimFNLo4e6IQunmzbe+8aSStH9QRZm3VOflyvNeXvvpZEQ==",
      "requires": {
        "@turf/helpers": "^6.5.0",
        "@turf/invariant": "^6.5.0"
      }
    },
    "@turf/boolean-within": {
      "version": "6.5.0",
      "resolved": "https://registry.npmjs.org/@turf/boolean-within/-/boolean-within-6.5.0.tgz",
      "integrity": "sha512-YQB3oU18Inx35C/LU930D36RAVe7LDXk1kWsQ8mLmuqYn9YdPsDQTMTkLJMhoQ8EbN7QTdy333xRQ4MYgToteQ==",
      "requires": {
        "@turf/bbox": "^6.5.0",
        "@turf/boolean-point-in-polygon": "^6.5.0",
        "@turf/boolean-point-on-line": "^6.5.0",
        "@turf/helpers": "^6.5.0",
        "@turf/invariant": "^6.5.0"
      }
    },
    "@turf/centroid": {
      "version": "6.5.0",
      "resolved": "https://registry.npmjs.org/@turf/centroid/-/centroid-6.5.0.tgz",
      "integrity": "sha512-MwE1oq5E3isewPprEClbfU5pXljIK/GUOMbn22UM3IFPDJX0KeoyLNwghszkdmFp/qMGL/M13MMWvU+GNLXP/A==",
      "requires": {
        "@turf/helpers": "^6.5.0",
        "@turf/meta": "^6.5.0"
      }
    },
    "@turf/clone": {
      "version": "6.5.0",
      "resolved": "https://registry.npmjs.org/@turf/clone/-/clone-6.5.0.tgz",
      "integrity": "sha512-mzVtTFj/QycXOn6ig+annKrM6ZlimreKYz6f/GSERytOpgzodbQyOgkfwru100O1KQhhjSudKK4DsQ0oyi9cTw==",
      "requires": {
        "@turf/helpers": "^6.5.0"
      }
    },
    "@turf/collect": {
      "version": "6.5.0",
      "resolved": "https://registry.npmjs.org/@turf/collect/-/collect-6.5.0.tgz",
      "integrity": "sha512-4dN/T6LNnRg099m97BJeOcTA5fSI8cu87Ydgfibewd2KQwBexO69AnjEFqfPX3Wj+Zvisj1uAVIZbPmSSrZkjg==",
      "requires": {
        "@turf/bbox": "^6.5.0",
        "@turf/boolean-point-in-polygon": "^6.5.0",
        "@turf/helpers": "^6.5.0",
        "rbush": "2.x"
      }
    },
    "@turf/distance": {
      "version": "6.5.0",
      "resolved": "https://registry.npmjs.org/@turf/distance/-/distance-6.5.0.tgz",
      "integrity": "sha512-xzykSLfoURec5qvQJcfifw/1mJa+5UwByZZ5TZ8iaqjGYN0vomhV9aiSLeYdUGtYRESZ+DYC/OzY+4RclZYgMg==",
      "requires": {
        "@turf/helpers": "^6.5.0",
        "@turf/invariant": "^6.5.0"
      }
    },
    "@turf/helpers": {
      "version": "6.5.0",
      "resolved": "https://registry.npmjs.org/@turf/helpers/-/helpers-6.5.0.tgz",
      "integrity": "sha512-VbI1dV5bLFzohYYdgqwikdMVpe7pJ9X3E+dlr425wa2/sMJqYDhTO++ec38/pcPvPE6oD9WEEeU3Xu3gza+VPw=="
    },
    "@turf/hex-grid": {
      "version": "6.5.0",
      "resolved": "https://registry.npmjs.org/@turf/hex-grid/-/hex-grid-6.5.0.tgz",
      "integrity": "sha512-Ln3tc2tgZT8etDOldgc6e741Smg1CsMKAz1/Mlel+MEL5Ynv2mhx3m0q4J9IB1F3a4MNjDeVvm8drAaf9SF33g==",
      "requires": {
        "@turf/distance": "^6.5.0",
        "@turf/helpers": "^6.5.0",
        "@turf/intersect": "^6.5.0",
        "@turf/invariant": "^6.5.0"
      }
    },
    "@turf/interpolate": {
      "version": "6.5.0",
      "resolved": "https://registry.npmjs.org/@turf/interpolate/-/interpolate-6.5.0.tgz",
      "integrity": "sha512-LSH5fMeiGyuDZ4WrDJNgh81d2DnNDUVJtuFryJFup8PV8jbs46lQGfI3r1DJ2p1IlEJIz3pmAZYeTfMMoeeohw==",
      "requires": {
        "@turf/bbox": "^6.5.0",
        "@turf/centroid": "^6.5.0",
        "@turf/clone": "^6.5.0",
        "@turf/distance": "^6.5.0",
        "@turf/helpers": "^6.5.0",
        "@turf/hex-grid": "^6.5.0",
        "@turf/invariant": "^6.5.0",
        "@turf/meta": "^6.5.0",
        "@turf/point-grid": "^6.5.0",
        "@turf/square-grid": "^6.5.0",
        "@turf/triangle-grid": "^6.5.0"
      }
    },
    "@turf/intersect": {
      "version": "6.5.0",
      "resolved": "https://registry.npmjs.org/@turf/intersect/-/intersect-6.5.0.tgz",
      "integrity": "sha512-2legGJeKrfFkzntcd4GouPugoqPUjexPZnOvfez+3SfIMrHvulw8qV8u7pfVyn2Yqs53yoVCEjS5sEpvQ5YRQg==",
      "requires": {
        "@turf/helpers": "^6.5.0",
        "@turf/invariant": "^6.5.0",
        "polygon-clipping": "^0.15.3"
      }
    },
    "@turf/invariant": {
      "version": "6.5.0",
      "resolved": "https://registry.npmjs.org/@turf/invariant/-/invariant-6.5.0.tgz",
      "integrity": "sha512-Wv8PRNCtPD31UVbdJE/KVAWKe7l6US+lJItRR/HOEW3eh+U/JwRCSUl/KZ7bmjM/C+zLNoreM2TU6OoLACs4eg==",
      "requires": {
        "@turf/helpers": "^6.5.0"
      }
    },
    "@turf/line-intersect": {
      "version": "6.5.0",
      "resolved": "https://registry.npmjs.org/@turf/line-intersect/-/line-intersect-6.5.0.tgz",
      "integrity": "sha512-CS6R1tZvVQD390G9Ea4pmpM6mJGPWoL82jD46y0q1KSor9s6HupMIo1kY4Ny+AEYQl9jd21V3Scz20eldpbTVA==",
      "requires": {
        "@turf/helpers": "^6.5.0",
        "@turf/invariant": "^6.5.0",
        "@turf/line-segment": "^6.5.0",
        "@turf/meta": "^6.5.0",
        "geojson-rbush": "3.x"
      }
    },
    "@turf/line-segment": {
      "version": "6.5.0",
      "resolved": "https://registry.npmjs.org/@turf/line-segment/-/line-segment-6.5.0.tgz",
      "integrity": "sha512-jI625Ho4jSuJESNq66Mmi290ZJ5pPZiQZruPVpmHkUw257Pew0alMmb6YrqYNnLUuiVVONxAAKXUVeeUGtycfw==",
      "requires": {
        "@turf/helpers": "^6.5.0",
        "@turf/invariant": "^6.5.0",
        "@turf/meta": "^6.5.0"
      }
    },
    "@turf/meta": {
      "version": "6.5.0",
      "resolved": "https://registry.npmjs.org/@turf/meta/-/meta-6.5.0.tgz",
      "integrity": "sha512-RrArvtsV0vdsCBegoBtOalgdSOfkBrTJ07VkpiCnq/491W67hnMWmDu7e6Ztw0C3WldRYTXkg3SumfdzZxLBHA==",
      "requires": {
        "@turf/helpers": "^6.5.0"
      }
    },
    "@turf/point-grid": {
      "version": "6.5.0",
      "resolved": "https://registry.npmjs.org/@turf/point-grid/-/point-grid-6.5.0.tgz",
      "integrity": "sha512-Iq38lFokNNtQJnOj/RBKmyt6dlof0yhaHEDELaWHuECm1lIZLY3ZbVMwbs+nXkwTAHjKfS/OtMheUBkw+ee49w==",
      "requires": {
        "@turf/boolean-within": "^6.5.0",
        "@turf/distance": "^6.5.0",
        "@turf/helpers": "^6.5.0",
        "@turf/invariant": "^6.5.0"
      }
    },
    "@turf/polygon-to-line": {
      "version": "6.5.0",
      "resolved": "https://registry.npmjs.org/@turf/polygon-to-line/-/polygon-to-line-6.5.0.tgz",
      "integrity": "sha512-5p4n/ij97EIttAq+ewSnKt0ruvuM+LIDzuczSzuHTpq4oS7Oq8yqg5TQ4nzMVuK41r/tALCk7nAoBuw3Su4Gcw==",
      "requires": {
        "@turf/helpers": "^6.5.0",
        "@turf/invariant": "^6.5.0"
      }
    },
    "@turf/rectangle-grid": {
      "version": "6.5.0",
      "resolved": "https://registry.npmjs.org/@turf/rectangle-grid/-/rectangle-grid-6.5.0.tgz",
      "integrity": "sha512-yQZ/1vbW68O2KsSB3OZYK+72aWz/Adnf7m2CMKcC+aq6TwjxZjAvlbCOsNUnMAuldRUVN1ph6RXMG4e9KEvKvg==",
      "requires": {
        "@turf/boolean-intersects": "^6.5.0",
        "@turf/distance": "^6.5.0",
        "@turf/helpers": "^6.5.0"
      }
    },
    "@turf/square-grid": {
      "version": "6.5.0",
      "resolved": "https://registry.npmjs.org/@turf/square-grid/-/square-grid-6.5.0.tgz",
      "integrity": "sha512-mlR0ayUdA+L4c9h7p4k3pX6gPWHNGuZkt2c5II1TJRmhLkW2557d6b/Vjfd1z9OVaajb1HinIs1FMSAPXuuUrA==",
      "requires": {
        "@turf/helpers": "^6.5.0",
        "@turf/rectangle-grid": "^6.5.0"
      }
    },
    "@turf/triangle-grid": {
      "version": "6.5.0",
      "resolved": "https://registry.npmjs.org/@turf/triangle-grid/-/triangle-grid-6.5.0.tgz",
      "integrity": "sha512-2jToUSAS1R1htq4TyLQYPTIsoy6wg3e3BQXjm2rANzw4wPQCXGOxrur1Fy9RtzwqwljlC7DF4tg0OnWr8RjmfA==",
      "requires": {
        "@turf/distance": "^6.5.0",
        "@turf/helpers": "^6.5.0",
        "@turf/intersect": "^6.5.0"
      }
    },
    "@types/geojson": {
      "version": "7946.0.8",
      "resolved": "https://registry.npmjs.org/@types/geojson/-/geojson-7946.0.8.tgz",
      "integrity": "sha512-1rkryxURpr6aWP7R786/UQOkJ3PcpQiWkAXBmdWc7ryFWqN6a4xfK7BtjXvFBKO9LjQ+MWQSWxYeZX1OApnArA=="
    },
    "geojson-rbush": {
      "version": "3.2.0",
      "resolved": "https://registry.npmjs.org/geojson-rbush/-/geojson-rbush-3.2.0.tgz",
      "integrity": "sha512-oVltQTXolxvsz1sZnutlSuLDEcQAKYC/uXt9zDzJJ6bu0W+baTI8LZBaTup5afzibEH4N3jlq2p+a152wlBJ7w==",
      "requires": {
        "@turf/bbox": "*",
        "@turf/helpers": "6.x",
        "@turf/meta": "6.x",
        "@types/geojson": "7946.0.8",
        "rbush": "^3.0.1"
      },
      "dependencies": {
        "quickselect": {
          "version": "2.0.0",
          "resolved": "https://registry.npmjs.org/quickselect/-/quickselect-2.0.0.tgz",
          "integrity": "sha512-RKJ22hX8mHe3Y6wH/N3wCM6BWtjaxIyyUIkpHOvfFnxdI4yD4tBXEBKSbriGujF6jnSVkJrffuo6vxACiSSxIw=="
        },
        "rbush": {
          "version": "3.0.1",
          "resolved": "https://registry.npmjs.org/rbush/-/rbush-3.0.1.tgz",
          "integrity": "sha512-XRaVO0YecOpEuIvbhbpTrZgoiI6xBlz6hnlr6EHhd+0x9ase6EmeN+hdwwUaJvLcsFFQ8iWVF1GAK1yB0BWi0w==",
          "requires": {
            "quickselect": "^2.0.0"
          }
        }
      }
    },
    "polygon-clipping": {
      "version": "0.15.3",
      "resolved": "https://registry.npmjs.org/polygon-clipping/-/polygon-clipping-0.15.3.tgz",
      "integrity": "sha512-ho0Xx5DLkgxRx/+n4O74XyJ67DcyN3Tu9bGYKsnTukGAW6ssnuak6Mwcyb1wHy9MZc9xsUWqIoiazkZB5weECg==",
      "requires": {
        "splaytree": "^3.1.0"
      }
    },
    "quickselect": {
      "version": "1.1.1",
      "resolved": "https://registry.npmjs.org/quickselect/-/quickselect-1.1.1.tgz",
      "integrity": "sha512-qN0Gqdw4c4KGPsBOQafj6yj/PA6c/L63f6CaZ/DCF/xF4Esu3jVmKLUDYxghFx8Kb/O7y9tI7x2RjTSXwdK1iQ=="
    },
    "rbush": {
      "version": "2.0.2",
      "resolved": "https://registry.npmjs.org/rbush/-/rbush-2.0.2.tgz",
      "integrity": "sha512-XBOuALcTm+O/H8G90b6pzu6nX6v2zCKiFG4BJho8a+bY6AER6t8uQUZdi5bomQc0AprCWhEGa7ncAbbRap0bRA==",
      "requires": {
        "quickselect": "^1.0.1"
      }
    },
    "splaytree": {
      "version": "3.1.0",
      "resolved": "https://registry.npmjs.org/splaytree/-/splaytree-3.1.0.tgz",
      "integrity": "sha512-gvUGR7xnOy0fLKTCxDeUZYgU/I1Tdf8M/lM1Qrf8L2TIOR5ipZjGk02uYcdv0o2x7WjVRgpm3iS2clLyuVAt0Q=="
    }
  }
}
